
Microsoft Visual Studio Solution File, Format Version 12.00
# Visual Studio Version 16
VisualStudioVersion = 16.0.31702.278
MinimumVisualStudioVersion = 10.0.40219.1
Project("{FAE04EC0-301F-11D3-BF4B-00C04F79EFBC}") = "WebApi", "WebApi.csproj", "{0ECFA84B-A345-4111-A1EC-27D218EEAB5F}"
EndProject
Global
	GlobalSection(SolutionConfigurationPlatforms) = preSolution
		Debug|Any CPU = Debug|Any CPU
		Release|Any CPU = Release|Any CPU
	EndGlobalSection
	GlobalSection(ProjectConfigurationPlatforms) = postSolution
		{0ECFA84B-A345-4111-A1EC-27D218EEAB5F}.Debug|Any CPU.ActiveCfg = Debug|Any CPU
		{0ECFA84B-A345-4111-A1EC-27D218EEAB5F}.Debug|Any CPU.Build.0 = Debug|Any CPU
		{0ECFA84B-A345-4111-A1EC-27D218EEAB5F}.Release|Any CPU.ActiveCfg = Release|Any CPU
		{0ECFA84B-A345-4111-A1EC-27D218EEAB5F}.Release|Any CPU.Build.0 = Release|Any CPU
	EndGlobalSection
	GlobalSection(SolutionProperties) = preSolution
		HideSolutionNode = FALSE
	EndGlobalSection
	GlobalSection(ExtensibilityGlobals) = postSolution
		SolutionGuid = {E9ADD832-1736-495F-9DA0-EA2684BEDCBD}
	EndGlobalSection
EndGlobal
